# THIS IS AN AUTOGENERATED FILE. DO NOT EDIT THIS FILE DIRECTLY.
# yarn lockfile v1


jquery@~1.11.3:
  version "1.11.3"
  resolved "https://registry.yarnpkg.com/jquery/-/jquery-1.11.3.tgz#dd8b74278b27102d29df63eae28308a8cfa1b583"

midnight.js@^1.1.1:
  version "1.1.1"
  resolved "https://registry.yarnpkg.com/midnight.js/-/midnight.js-1.1.1.tgz#9b68a442bfd83ca73282b59afa3418bba23e0cb3"
  dependencies:
    jquery "~1.11.3"
